// !$*UTF8*$!
{
	archiveVersion = 1;
	classes = {
	};
	objectVersion = 46;
	objects = {

/* Begin PBXBuildFile section */
		3B8C8D611BA72F2A00D92F76 /* MNCChatMessage.m in Sources */ = {isa = PBXBuildFile; fileRef = 3B8C8D601BA72F2A00D92F76 /* MNCChatMessage.m */; settings = {ASSET_TAGS = (); }; };
		777E61681A651DE7000885EF /* main.m in Sources */ = {isa = PBXBuildFile; fileRef = 777E61671A651DE7000885EF /* main.m */; };
		777E616B1A651DE7000885EF /* AppDelegate.m in Sources */ = {isa = PBXBuildFile; fileRef = 777E616A1A651DE7000885EF /* AppDelegate.m */; };
		777E61731A651DE7000885EF /* Images.xcassets in Resources */ = {isa = PBXBuildFile; fileRef = 777E61721A651DE7000885EF /* Images.xcassets */; };
		777E61761A651DE8000885EF /* LaunchScreen.xib in Resources */ = {isa = PBXBuildFile; fileRef = 777E61741A651DE7000885EF /* LaunchScreen.xib */; };
		777E618D1A6521C6000885EF /* Bolts.framework in Frameworks */ = {isa = PBXBuildFile; fileRef = 777E618B1A6521C6000885EF /* Bolts.framework */; };
		777E618E1A6521C6000885EF /* Parse.framework in Frameworks */ = {isa = PBXBuildFile; fileRef = 777E618C1A6521C6000885EF /* Parse.framework */; };
		777E61981A65222C000885EF /* Accounts.framework in Frameworks */ = {isa = PBXBuildFile; fileRef = 777E618F1A65222C000885EF /* Accounts.framework */; };
		777E61991A65222C000885EF /* AdSupport.framework in Frameworks */ = {isa = PBXBuildFile; fileRef = 777E61901A65222C000885EF /* AdSupport.framework */; };
		777E619A1A65222C000885EF /* AudioToolbox.framework in Frameworks */ = {isa = PBXBuildFile; fileRef = 777E61911A65222C000885EF /* AudioToolbox.framework */; };
		777E619B1A65222C000885EF /* CFNetwork.framework in Frameworks */ = {isa = PBXBuildFile; fileRef = 777E61921A65222C000885EF /* CFNetwork.framework */; };
		777E619C1A65222C000885EF /* CoreGraphics.framework in Frameworks */ = {isa = PBXBuildFile; fileRef = 777E61931A65222C000885EF /* CoreGraphics.framework */; };
		777E619D1A65222C000885EF /* CoreLocation.framework in Frameworks */ = {isa = PBXBuildFile; fileRef = 777E61941A65222C000885EF /* CoreLocation.framework */; };
		777E619E1A65222C000885EF /* Foundation.framework in Frameworks */ = {isa = PBXBuildFile; fileRef = 777E61951A65222C000885EF /* Foundation.framework */; };
		777E619F1A65222C000885EF /* libsqlite3.dylib in Frameworks */ = {isa = PBXBuildFile; fileRef = 777E61961A65222C000885EF /* libsqlite3.dylib */; };
		777E61A01A65222C000885EF /* Social.framework in Frameworks */ = {isa = PBXBuildFile; fileRef = 777E61971A65222C000885EF /* Social.framework */; };
		777E61A21A652246000885EF /* libz.dylib in Frameworks */ = {isa = PBXBuildFile; fileRef = 777E61A11A652246000885EF /* libz.dylib */; };
		777E61A41A652252000885EF /* Security.framework in Frameworks */ = {isa = PBXBuildFile; fileRef = 777E61A31A652252000885EF /* Security.framework */; };
		777E61A61A652258000885EF /* StoreKit.framework in Frameworks */ = {isa = PBXBuildFile; fileRef = 777E61A51A652258000885EF /* StoreKit.framework */; };
		777E61A81A652260000885EF /* SystemConfiguration.framework in Frameworks */ = {isa = PBXBuildFile; fileRef = 777E61A71A652260000885EF /* SystemConfiguration.framework */; };
		777E61AA1A6522A1000885EF /* MobileCoreServices.framework in Frameworks */ = {isa = PBXBuildFile; fileRef = 777E61A91A6522A1000885EF /* MobileCoreServices.framework */; };
		777E61B41A654909000885EF /* MNCChatMateListViewController.m in Sources */ = {isa = PBXBuildFile; fileRef = 777E61AD1A654909000885EF /* MNCChatMateListViewController.m */; };
		777E61B51A654909000885EF /* MNCChatMessageCell.m in Sources */ = {isa = PBXBuildFile; fileRef = 777E61AF1A654909000885EF /* MNCChatMessageCell.m */; };
		777E61B61A654909000885EF /* MNCDialogViewController.m in Sources */ = {isa = PBXBuildFile; fileRef = 777E61B11A654909000885EF /* MNCDialogViewController.m */; };
		777E61B71A654909000885EF /* MNCLoginViewController.m in Sources */ = {isa = PBXBuildFile; fileRef = 777E61B31A654909000885EF /* MNCLoginViewController.m */; };
		777E61B91A65496B000885EF /* Main.storyboard in Resources */ = {isa = PBXBuildFile; fileRef = 777E61B81A65496B000885EF /* Main.storyboard */; };
		A23FE3CF438EED7FACFBC4B3 /* libPods.a in Frameworks */ = {isa = PBXBuildFile; fileRef = CCBC07E8D818D76E5AEA8F65 /* libPods.a */; };
/* End PBXBuildFile section */

/* Begin PBXFileReference section */
		0534024CCB96890EA02E216A /* Pods.debug.xcconfig */ = {isa = PBXFileReference; includeInIndex = 1; lastKnownFileType = text.xcconfig; name = Pods.debug.xcconfig; path = "Pods/Target Support Files/Pods/Pods.debug.xcconfig"; sourceTree = "<group>"; };
		075DB22EECF974FD7565101F /* Pods.release.xcconfig */ = {isa = PBXFileReference; includeInIndex = 1; lastKnownFileType = text.xcconfig; name = Pods.release.xcconfig; path = "Pods/Target Support Files/Pods/Pods.release.xcconfig"; sourceTree = "<group>"; };
		3B8C8D5E1BA702B900D92F76 /* Config.h */ = {isa = PBXFileReference; lastKnownFileType = sourcecode.c.h; path = Config.h; sourceTree = "<group>"; };
		3B8C8D5F1BA72F2A00D92F76 /* MNCChatMessage.h */ = {isa = PBXFileReference; fileEncoding = 4; lastKnownFileType = sourcecode.c.h; path = MNCChatMessage.h; sourceTree = "<group>"; };
		3B8C8D601BA72F2A00D92F76 /* MNCChatMessage.m */ = {isa = PBXFileReference; fileEncoding = 4; lastKnownFileType = sourcecode.c.objc; path = MNCChatMessage.m; sourceTree = "<group>"; };
		4BE47F36F3A730267228EF73 /* libPods-Parse-Sinch.a */ = {isa = PBXFileReference; explicitFileType = archive.ar; includeInIndex = 0; path = "libPods-Parse-Sinch.a"; sourceTree = BUILT_PRODUCTS_DIR; };
		545A333CFB4E5C8302DDC5E7 /* Pods-Parse-Sinch.release.xcconfig */ = {isa = PBXFileReference; includeInIndex = 1; lastKnownFileType = text.xcconfig; name = "Pods-Parse-Sinch.release.xcconfig"; path = "Pods/Target Support Files/Pods-Parse-Sinch/Pods-Parse-Sinch.release.xcconfig"; sourceTree = "<group>"; };
		777E61621A651DE7000885EF /* ios-sinch-messaging-tutorial.app */ = {isa = PBXFileReference; explicitFileType = wrapper.application; includeInIndex = 0; path = "ios-sinch-messaging-tutorial.app"; sourceTree = BUILT_PRODUCTS_DIR; };
		777E61661A651DE7000885EF /* Info.plist */ = {isa = PBXFileReference; lastKnownFileType = text.plist.xml; path = Info.plist; sourceTree = "<group>"; };
		777E61671A651DE7000885EF /* main.m */ = {isa = PBXFileReference; lastKnownFileType = sourcecode.c.objc; path = main.m; sourceTree = "<group>"; };
		777E61691A651DE7000885EF /* AppDelegate.h */ = {isa = PBXFileReference; lastKnownFileType = sourcecode.c.h; path = AppDelegate.h; sourceTree = "<group>"; };
		777E616A1A651DE7000885EF /* AppDelegate.m */ = {isa = PBXFileReference; lastKnownFileType = sourcecode.c.objc; path = AppDelegate.m; sourceTree = "<group>"; };
		777E61721A651DE7000885EF /* Images.xcassets */ = {isa = PBXFileReference; lastKnownFileType = folder.assetcatalog; path = Images.xcassets; sourceTree = "<group>"; };
		777E61751A651DE8000885EF /* Base */ = {isa = PBXFileReference; lastKnownFileType = file.xib; name = Base; path = Base.lproj/LaunchScreen.xib; sourceTree = "<group>"; };
		777E618B1A6521C6000885EF /* Bolts.framework */ = {isa = PBXFileReference; lastKnownFileType = wrapper.framework; path = Bolts.framework; sourceTree = "<group>"; };
		777E618C1A6521C6000885EF /* Parse.framework */ = {isa = PBXFileReference; lastKnownFileType = wrapper.framework; path = Parse.framework; sourceTree = "<group>"; };
		777E618F1A65222C000885EF /* Accounts.framework */ = {isa = PBXFileReference; lastKnownFileType = wrapper.framework; name = Accounts.framework; path = System/Library/Frameworks/Accounts.framework; sourceTree = SDKROOT; };
		777E61901A65222C000885EF /* AdSupport.framework */ = {isa = PBXFileReference; lastKnownFileType = wrapper.framework; name = AdSupport.framework; path = System/Library/Frameworks/AdSupport.framework; sourceTree = SDKROOT; };
		777E61911A65222C000885EF /* AudioToolbox.framework */ = {isa = PBXFileReference; lastKnownFileType = wrapper.framework; name = AudioToolbox.framework; path = System/Library/Frameworks/AudioToolbox.framework; sourceTree = SDKROOT; };
		777E61921A65222C000885EF /* CFNetwork.framework */ = {isa = PBXFileReference; lastKnownFileType = wrapper.framework; name = CFNetwork.framework; path = System/Library/Frameworks/CFNetwork.framework; sourceTree = SDKROOT; };
		777E61931A65222C000885EF /* CoreGraphics.framework */ = {isa = PBXFileReference; lastKnownFileType = wrapper.framework; name = CoreGraphics.framework; path = System/Library/Frameworks/CoreGraphics.framework; sourceTree = SDKROOT; };
		777E61941A65222C000885EF /* CoreLocation.framework */ = {isa = PBXFileReference; lastKnownFileType = wrapper.framework; name = CoreLocation.framework; path = System/Library/Frameworks/CoreLocation.framework; sourceTree = SDKROOT; };
		777E61951A65222C000885EF /* Foundation.framework */ = {isa = PBXFileReference; lastKnownFileType = wrapper.framework; name = Foundation.framework; path = System/Library/Frameworks/Foundation.framework; sourceTree = SDKROOT; };
		777E61961A65222C000885EF /* libsqlite3.dylib */ = {isa = PBXFileReference; lastKnownFileType = "compiled.mach-o.dylib"; name = libsqlite3.dylib; path = usr/lib/libsqlite3.dylib; sourceTree = SDKROOT; };
		777E61971A65222C000885EF /* Social.framework */ = {isa = PBXFileReference; lastKnownFileType = wrapper.framework; name = Social.framework; path = System/Library/Frameworks/Social.framework; sourceTree = SDKROOT; };
		777E61A11A652246000885EF /* libz.dylib */ = {isa = PBXFileReference; lastKnownFileType = "compiled.mach-o.dylib"; name = libz.dylib; path = usr/lib/libz.dylib; sourceTree = SDKROOT; };
		777E61A31A652252000885EF /* Security.framework */ = {isa = PBXFileReference; lastKnownFileType = wrapper.framework; name = Security.framework; path = System/Library/Frameworks/Security.framework; sourceTree = SDKROOT; };
		777E61A51A652258000885EF /* StoreKit.framework */ = {isa = PBXFileReference; lastKnownFileType = wrapper.framework; name = StoreKit.framework; path = System/Library/Frameworks/StoreKit.framework; sourceTree = SDKROOT; };
		777E61A71A652260000885EF /* SystemConfiguration.framework */ = {isa = PBXFileReference; lastKnownFileType = wrapper.framework; name = SystemConfiguration.framework; path = System/Library/Frameworks/SystemConfiguration.framework; sourceTree = SDKROOT; };
		777E61A91A6522A1000885EF /* MobileCoreServices.framework */ = {isa = PBXFileReference; lastKnownFileType = wrapper.framework; name = MobileCoreServices.framework; path = System/Library/Frameworks/MobileCoreServices.framework; sourceTree = SDKROOT; };
		777E61AC1A654909000885EF /* MNCChatMateListViewController.h */ = {isa = PBXFileReference; fileEncoding = 4; lastKnownFileType = sourcecode.c.h; path = MNCChatMateListViewController.h; sourceTree = "<group>"; };
		777E61AD1A654909000885EF /* MNCChatMateListViewController.m */ = {isa = PBXFileReference; fileEncoding = 4; lastKnownFileType = sourcecode.c.objc; path = MNCChatMateListViewController.m; sourceTree = "<group>"; };
		777E61AE1A654909000885EF /* MNCChatMessageCell.h */ = {isa = PBXFileReference; fileEncoding = 4; lastKnownFileType = sourcecode.c.h; path = MNCChatMessageCell.h; sourceTree = "<group>"; };
		777E61AF1A654909000885EF /* MNCChatMessageCell.m */ = {isa = PBXFileReference; fileEncoding = 4; lastKnownFileType = sourcecode.c.objc; path = MNCChatMessageCell.m; sourceTree = "<group>"; };
		777E61B01A654909000885EF /* MNCDialogViewController.h */ = {isa = PBXFileReference; fileEncoding = 4; lastKnownFileType = sourcecode.c.h; path = MNCDialogViewController.h; sourceTree = "<group>"; };
		777E61B11A654909000885EF /* MNCDialogViewController.m */ = {isa = PBXFileReference; fileEncoding = 4; lastKnownFileType = sourcecode.c.objc; path = MNCDialogViewController.m; sourceTree = "<group>"; };
		777E61B21A654909000885EF /* MNCLoginViewController.h */ = {isa = PBXFileReference; fileEncoding = 4; lastKnownFileType = sourcecode.c.h; path = MNCLoginViewController.h; sourceTree = "<group>"; };
		777E61B31A654909000885EF /* MNCLoginViewController.m */ = {isa = PBXFileReference; fileEncoding = 4; lastKnownFileType = sourcecode.c.objc; path = MNCLoginViewController.m; sourceTree = "<group>"; };
		777E61B81A65496B000885EF /* Main.storyboard */ = {isa = PBXFileReference; fileEncoding = 4; lastKnownFileType = file.storyboard; path = Main.storyboard; sourceTree = "<group>"; };
		A2123AA1B7409657811B56C7 /* Pods-Parse-Sinch.debug.xcconfig */ = {isa = PBXFileReference; includeInIndex = 1; lastKnownFileType = text.xcconfig; name = "Pods-Parse-Sinch.debug.xcconfig"; path = "Pods/Target Support Files/Pods-Parse-Sinch/Pods-Parse-Sinch.debug.xcconfig"; sourceTree = "<group>"; };
		CCBC07E8D818D76E5AEA8F65 /* libPods.a */ = {isa = PBXFileReference; explicitFileType = archive.ar; includeInIndex = 0; path = libPods.a; sourceTree = BUILT_PRODUCTS_DIR; };
/* End PBXFileReference section */

/* Begin PBXFrameworksBuildPhase section */
		777E615F1A651DE7000885EF /* Frameworks */ = {
			isa = PBXFrameworksBuildPhase;
			buildActionMask = 2147483647;
			files = (
				777E61AA1A6522A1000885EF /* MobileCoreServices.framework in Frameworks */,
				777E61A81A652260000885EF /* SystemConfiguration.framework in Frameworks */,
				777E61A61A652258000885EF /* StoreKit.framework in Frameworks */,
				777E61A41A652252000885EF /* Security.framework in Frameworks */,
				777E61A21A652246000885EF /* libz.dylib in Frameworks */,
				777E61981A65222C000885EF /* Accounts.framework in Frameworks */,
				777E61991A65222C000885EF /* AdSupport.framework in Frameworks */,
				777E619A1A65222C000885EF /* AudioToolbox.framework in Frameworks */,
				777E619B1A65222C000885EF /* CFNetwork.framework in Frameworks */,
				777E619C1A65222C000885EF /* CoreGraphics.framework in Frameworks */,
				777E619D1A65222C000885EF /* CoreLocation.framework in Frameworks */,
				777E619E1A65222C000885EF /* Foundation.framework in Frameworks */,
				777E619F1A65222C000885EF /* libsqlite3.dylib in Frameworks */,
				777E61A01A65222C000885EF /* Social.framework in Frameworks */,
				777E618E1A6521C6000885EF /* Parse.framework in Frameworks */,
				777E618D1A6521C6000885EF /* Bolts.framework in Frameworks */,
				A23FE3CF438EED7FACFBC4B3 /* libPods.a in Frameworks */,
			);
			runOnlyForDeploymentPostprocessing = 0;
		};
/* End PBXFrameworksBuildPhase section */

/* Begin PBXGroup section */
		4EA3007B091896641A3038BB /* Frameworks */ = {
			isa = PBXGroup;
			children = (
				777E61A91A6522A1000885EF /* MobileCoreServices.framework */,
				777E61A71A652260000885EF /* SystemConfiguration.framework */,
				777E61A51A652258000885EF /* StoreKit.framework */,
				777E61A31A652252000885EF /* Security.framework */,
				777E61A11A652246000885EF /* libz.dylib */,
				777E618F1A65222C000885EF /* Accounts.framework */,
				777E61901A65222C000885EF /* AdSupport.framework */,
				777E61911A65222C000885EF /* AudioToolbox.framework */,
				777E61921A65222C000885EF /* CFNetwork.framework */,
				777E61931A65222C000885EF /* CoreGraphics.framework */,
				777E61941A65222C000885EF /* CoreLocation.framework */,
				777E61951A65222C000885EF /* Foundation.framework */,
				777E61961A65222C000885EF /* libsqlite3.dylib */,
				777E61971A65222C000885EF /* Social.framework */,
				777E618B1A6521C6000885EF /* Bolts.framework */,
				777E618C1A6521C6000885EF /* Parse.framework */,
				4BE47F36F3A730267228EF73 /* libPods-Parse-Sinch.a */,
				CCBC07E8D818D76E5AEA8F65 /* libPods.a */,
			);
			name = Frameworks;
			sourceTree = "<group>";
		};
		661911E1A6684F2C56B2ED3A /* Pods */ = {
			isa = PBXGroup;
			children = (
				A2123AA1B7409657811B56C7 /* Pods-Parse-Sinch.debug.xcconfig */,
				545A333CFB4E5C8302DDC5E7 /* Pods-Parse-Sinch.release.xcconfig */,
				0534024CCB96890EA02E216A /* Pods.debug.xcconfig */,
				075DB22EECF974FD7565101F /* Pods.release.xcconfig */,
			);
			name = Pods;
			sourceTree = "<group>";
		};
		777E61591A651DE7000885EF = {
			isa = PBXGroup;
			children = (
				777E61641A651DE7000885EF /* ios-sinch-messaging-tutorial */,
				777E61631A651DE7000885EF /* Products */,
				661911E1A6684F2C56B2ED3A /* Pods */,
				4EA3007B091896641A3038BB /* Frameworks */,
			);
			sourceTree = "<group>";
		};
		777E61631A651DE7000885EF /* Products */ = {
			isa = PBXGroup;
			children = (
				777E61621A651DE7000885EF /* ios-sinch-messaging-tutorial.app */,
			);
			name = Products;
			sourceTree = "<group>";
		};
		777E61641A651DE7000885EF /* ios-sinch-messaging-tutorial */ = {
			isa = PBXGroup;
			children = (
				777E61B81A65496B000885EF /* Main.storyboard */,
				777E61AB1A6548E2000885EF /* Controllers */,
				777E61691A651DE7000885EF /* AppDelegate.h */,
				777E616A1A651DE7000885EF /* AppDelegate.m */,
				3B8C8D5E1BA702B900D92F76 /* Config.h */,
				777E61721A651DE7000885EF /* Images.xcassets */,
				777E61741A651DE7000885EF /* LaunchScreen.xib */,
				777E61651A651DE7000885EF /* Supporting Files */,
			);
			name = "ios-sinch-messaging-tutorial";
			path = "Parse-Sinch";
			sourceTree = "<group>";
		};
		777E61651A651DE7000885EF /* Supporting Files */ = {
			isa = PBXGroup;
			children = (
				777E61661A651DE7000885EF /* Info.plist */,
				777E61671A651DE7000885EF /* main.m */,
			);
			name = "Supporting Files";
			sourceTree = "<group>";
		};
		777E61AB1A6548E2000885EF /* Controllers */ = {
			isa = PBXGroup;
			children = (
				777E61B21A654909000885EF /* MNCLoginViewController.h */,
				777E61B31A654909000885EF /* MNCLoginViewController.m */,
				777E61AC1A654909000885EF /* MNCChatMateListViewController.h */,
				777E61AD1A654909000885EF /* MNCChatMateListViewController.m */,
				777E61B01A654909000885EF /* MNCDialogViewController.h */,
				777E61B11A654909000885EF /* MNCDialogViewController.m */,
				777E61AE1A654909000885EF /* MNCChatMessageCell.h */,
				777E61AF1A654909000885EF /* MNCChatMessageCell.m */,
				3B8C8D5F1BA72F2A00D92F76 /* MNCChatMessage.h */,
				3B8C8D601BA72F2A00D92F76 /* MNCChatMessage.m */,
			);
			path = Controllers;
			sourceTree = "<group>";
		};
/* End PBXGroup section */

/* Begin PBXNativeTarget section */
		777E61611A651DE7000885EF /* ios-sinch-messaging-tutorial */ = {
			isa = PBXNativeTarget;
			buildConfigurationList = 777E61851A651DE8000885EF /* Build configuration list for PBXNativeTarget "ios-sinch-messaging-tutorial" */;
			buildPhases = (
				2698A17EA8578CEDB6FF841B /* Check Pods Manifest.lock */,
				777E615E1A651DE7000885EF /* Sources */,
				777E615F1A651DE7000885EF /* Frameworks */,
				777E61601A651DE7000885EF /* Resources */,
				4BA0A82A5BD635337AE754BB /* Copy Pods Resources */,
			);
			buildRules = (
			);
			dependencies = (
			);
			name = "ios-sinch-messaging-tutorial";
			productName = "Parse-Sinch";
			productReference = 777E61621A651DE7000885EF /* ios-sinch-messaging-tutorial.app */;
			productType = "com.apple.product-type.application";
		};
/* End PBXNativeTarget section */

/* Begin PBXProject section */
		777E615A1A651DE7000885EF /* Project object */ = {
			isa = PBXProject;
			attributes = {
				LastUpgradeCheck = 0700;
				ORGANIZATIONNAME = "christian jensen";
				TargetAttributes = {
					777E61611A651DE7000885EF = {
						CreatedOnToolsVersion = 6.1.1;
						DevelopmentTeam = 3HZSHG8SUA;
					};
				};
			};
			buildConfigurationList = 777E615D1A651DE7000885EF /* Build configuration list for PBXProject "ios-sinch-messaging-tutorial" */;
			compatibilityVersion = "Xcode 3.2";
			developmentRegion = English;
			hasScannedForEncodings = 0;
			knownRegions = (
				en,
				Base,
			);
			mainGroup = 777E61591A651DE7000885EF;
			productRefGroup = 777E61631A651DE7000885EF /* Products */;
			projectDirPath = "";
			projectRoot = "";
			targets = (
				777E61611A651DE7000885EF /* ios-sinch-messaging-tutorial */,
			);
		};
/* End PBXProject section */

/* Begin PBXResourcesBuildPhase section */
		777E61601A651DE7000885EF /* Resources */ = {
			isa = PBXResourcesBuildPhase;
			buildActionMask = 2147483647;
			files = (
				777E61761A651DE8000885EF /* LaunchScreen.xib in Resources */,
				777E61731A651DE7000885EF /* Images.xcassets in Resources */,
				777E61B91A65496B000885EF /* Main.storyboard in Resources */,
			);
			runOnlyForDeploymentPostprocessing = 0;
		};
/* End PBXResourcesBuildPhase section */

/* Begin PBXShellScriptBuildPhase section */
		2698A17EA8578CEDB6FF841B /* Check Pods Manifest.lock */ = {
			isa = PBXShellScriptBuildPhase;
			buildActionMask = 2147483647;
			files = (
			);
			inputPaths = (
			);
			name = "Check Pods Manifest.lock";
			outputPaths = (
			);
			runOnlyForDeploymentPostprocessing = 0;
			shellPath = /bin/sh;
			shellScript = "diff \"${PODS_ROOT}/../Podfile.lock\" \"${PODS_ROOT}/Manifest.lock\" > /dev/null\nif [[ $? != 0 ]] ; then\n    cat << EOM\nerror: The sandbox is not in sync with the Podfile.lock. Run 'pod install' or update your CocoaPods installation.\nEOM\n    exit 1\nfi\n";
			showEnvVarsInLog = 0;
		};
		4BA0A82A5BD635337AE754BB /* Copy Pods Resources */ = {
			isa = PBXShellScriptBuildPhase;
			buildActionMask = 2147483647;
			files = (
			);
			inputPaths = (
			);
			name = "Copy Pods Resources";
			outputPaths = (
			);
			runOnlyForDeploymentPostprocessing = 0;
			shellPath = /bin/sh;
			shellScript = "\"${SRCROOT}/Pods/Target Support Files/Pods/Pods-resources.sh\"\n";
			showEnvVarsInLog = 0;
		};
/* End PBXShellScriptBuildPhase section */

/* Begin PBXSourcesBuildPhase section */
		777E615E1A651DE7000885EF /* Sources */ = {
			isa = PBXSourcesBuildPhase;
			buildActionMask = 2147483647;
			files = (
				777E61B51A654909000885EF /* MNCChatMessageCell.m in Sources */,
				3B8C8D611BA72F2A00D92F76 /* MNCChatMessage.m in Sources */,
				777E616B1A651DE7000885EF /* AppDelegate.m in Sources */,
				777E61B41A654909000885EF /* MNCChatMateListViewController.m in Sources */,
				777E61681A651DE7000885EF /* main.m in Sources */,
				777E61B71A654909000885EF /* MNCLoginViewController.m in Sources */,
				777E61B61A654909000885EF /* MNCDialogViewController.m in Sources */,
			);
			runOnlyForDeploymentPostprocessing = 0;
		};
/* End PBXSourcesBuildPhase section */

/* Begin PBXVariantGroup section */
		777E61741A651DE7000885EF /* LaunchScreen.xib */ = {
			isa = PBXVariantGroup;
			children = (
				777E61751A651DE8000885EF /* Base */,
			);
			name = LaunchScreen.xib;
			sourceTree = "<group>";
		};
/* End PBXVariantGroup section */

/* Begin XCBuildConfiguration section */
		777E61831A651DE8000885EF /* Debug */ = {
			isa = XCBuildConfiguration;
			buildSettings = {
				ALWAYS_SEARCH_USER_PATHS = NO;
				CLANG_CXX_LANGUAGE_STANDARD = "gnu++0x";
				CLANG_CXX_LIBRARY = "libc++";
				CLANG_ENABLE_MODULES = YES;
				CLANG_ENABLE_OBJC_ARC = YES;
				CLANG_WARN_BOOL_CONVERSION = YES;
				CLANG_WARN_CONSTANT_CONVERSION = YES;
				CLANG_WARN_DIRECT_OBJC_ISA_USAGE = YES_ERROR;
				CLANG_WARN_EMPTY_BODY = YES;
				CLANG_WARN_ENUM_CONVERSION = YES;
				CLANG_WARN_INT_CONVERSION = YES;
				CLANG_WARN_OBJC_ROOT_CLASS = YES_ERROR;
				CLANG_WARN_UNREACHABLE_CODE = YES;
				CLANG_WARN__DUPLICATE_METHOD_MATCH = YES;
				"CODE_SIGN_IDENTITY[sdk=iphoneos*]" = "iPhone Developer";
				COPY_PHASE_STRIP = NO;
				ENABLE_STRICT_OBJC_MSGSEND = YES;
				ENABLE_TESTABILITY = YES;
				GCC_C_LANGUAGE_STANDARD = gnu99;
				GCC_DYNAMIC_NO_PIC = NO;
				GCC_OPTIMIZATION_LEVEL = 0;
				GCC_PREPROCESSOR_DEFINITIONS = (
					"DEBUG=1",
					"$(inherited)",
				);
				GCC_SYMBOLS_PRIVATE_EXTERN = NO;
				GCC_WARN_64_TO_32_BIT_CONVERSION = YES;
				GCC_WARN_ABOUT_RETURN_TYPE = YES_ERROR;
				GCC_WARN_UNDECLARED_SELECTOR = YES;
				GCC_WARN_UNINITIALIZED_AUTOS = YES_AGGRESSIVE;
				GCC_WARN_UNUSED_FUNCTION = YES;
				GCC_WARN_UNUSED_VARIABLE = YES;
				IPHONEOS_DEPLOYMENT_TARGET = 8.1;
				MTL_ENABLE_DEBUG_INFO = YES;
				ONLY_ACTIVE_ARCH = YES;
				SDKROOT = iphoneos;
			};
			name = Debug;
		};
		777E61841A651DE8000885EF /* Release */ = {
			isa = XCBuildConfiguration;
			buildSettings = {
				ALWAYS_SEARCH_USER_PATHS = NO;
				CLANG_CXX_LANGUAGE_STANDARD = "gnu++0x";
				CLANG_CXX_LIBRARY = "libc++";
				CLANG_ENABLE_MODULES = YES;
				CLANG_ENABLE_OBJC_ARC = YES;
				CLANG_WARN_BOOL_CONVERSION = YES;
				CLANG_WARN_CONSTANT_CONVERSION = YES;
				CLANG_WARN_DIRECT_OBJC_ISA_USAGE = YES_ERROR;
				CLANG_WARN_EMPTY_BODY = YES;
				CLANG_WARN_ENUM_CONVERSION = YES;
				CLANG_WARN_INT_CONVERSION = YES;
				CLANG_WARN_OBJC_ROOT_CLASS = YES_ERROR;
				CLANG_WARN_UNREACHABLE_CODE = YES;
				CLANG_WARN__DUPLICATE_METHOD_MATCH = YES;
				"CODE_SIGN_IDENTITY[sdk=iphoneos*]" = "iPhone Developer";
				COPY_PHASE_STRIP = YES;
				ENABLE_NS_ASSERTIONS = NO;
				ENABLE_STRICT_OBJC_MSGSEND = YES;
				GCC_C_LANGUAGE_STANDARD = gnu99;
				GCC_WARN_64_TO_32_BIT_CONVERSION = YES;
				GCC_WARN_ABOUT_RETURN_TYPE = YES_ERROR;
				GCC_WARN_UNDECLARED_SELECTOR = YES;
				GCC_WARN_UNINITIALIZED_AUTOS = YES_AGGRESSIVE;
				GCC_WARN_UNUSED_FUNCTION = YES;
				GCC_WARN_UNUSED_VARIABLE = YES;
				IPHONEOS_DEPLOYMENT_TARGET = 8.1;
				MTL_ENABLE_DEBUG_INFO = NO;
				SDKROOT = iphoneos;
				VALIDATE_PRODUCT = YES;
			};
			name = Release;
		};
		777E61861A651DE8000885EF /* Debug */ = {
			isa = XCBuildConfiguration;
			baseConfigurationReference = 0534024CCB96890EA02E216A /* Pods.debug.xcconfig */;
			buildSettings = {
				ASSETCATALOG_COMPILER_APPICON_NAME = AppIcon;
				CODE_SIGN_IDENTITY = "iPhone Developer";
				"CODE_SIGN_IDENTITY[sdk=iphoneos*]" = "iPhone Developer";
				ENABLE_BITCODE = NO;
				FRAMEWORK_SEARCH_PATHS = (
					"$(inherited)",
					"$(PROJECT_DIR)",
				);
				INFOPLIST_FILE = "Parse-Sinch/Info.plist";
				LD_RUNPATH_SEARCH_PATHS = "$(inherited) @executable_path/Frameworks";
				PRODUCT_BUNDLE_IDENTIFIER = com.elberdev.chat;
				PRODUCT_NAME = "ios-sinch-messaging-tutorial";
				PROVISIONING_PROFILE = "";
			};
			name = Debug;
		};
		777E61871A651DE8000885EF /* Release */ = {
			isa = XCBuildConfiguration;
			baseConfigurationReference = 075DB22EECF974FD7565101F /* Pods.release.xcconfig */;
			buildSettings = {
				ASSETCATALOG_COMPILER_APPICON_NAME = AppIcon;
				CODE_SIGN_IDENTITY = "iPhone Developer";
				"CODE_SIGN_IDENTITY[sdk=iphoneos*]" = "iPhone Developer";
				ENABLE_BITCODE = NO;
				FRAMEWORK_SEARCH_PATHS = (
					"$(inherited)",
					"$(PROJECT_DIR)",
				);
				INFOPLIST_FILE = "Parse-Sinch/Info.plist";
				LD_RUNPATH_SEARCH_PATHS = "$(inherited) @executable_path/Frameworks";
				PRODUCT_BUNDLE_IDENTIFIER = com.elberdev.chat;
				PRODUCT_NAME = "ios-sinch-messaging-tutorial";
				PROVISIONING_PROFILE = "";
			};
			name = Release;
		};
/* End XCBuildConfiguration section */

/* Begin XCConfigurationList section */
		777E615D1A651DE7000885EF /* Build configuration list for PBXProject "ios-sinch-messaging-tutorial" */ = {
			isa = XCConfigurationList;
			buildConfigurations = (
				777E61831A651DE8000885EF /* Debug */,
				777E61841A651DE8000885EF /* Release */,
			);
			defaultConfigurationIsVisible = 0;
			defaultConfigurationName = Release;
		};
		777E61851A651DE8000885EF /* Build configuration list for PBXNativeTarget "ios-sinch-messaging-tutorial" */ = {
			isa = XCConfigurationList;
			buildConfigurations = (
				777E61861A651DE8000885EF /* Debug */,
				777E61871A651DE8000885EF /* Release */,
			);
			defaultConfigurationIsVisible = 0;
			defaultConfigurationName = Release;
		};
/* End XCConfigurationList section */
	};
	rootObject = 777E615A1A651DE7000885EF /* Project object */;
}
